
Microsoft Visual Studio Solution File, Format Version 12.00
# Visual Studio Version 16
VisualStudioVersion = 16.0.31729.503
MinimumVisualStudioVersion = 10.0.40219.1
Project("{FAE04EC0-301F-11D3-BF4B-00C04F79EFBC}") = "View", "View\View.csproj", "{97608157-BA7A-4E23-8589-9E2E45886452}"
EndProject
Project("{FAE04EC0-301F-11D3-BF4B-00C04F79EFBC}") = "Modelo", "Modelo\Modelo.csproj", "{271F77EE-2E5F-4311-849D-FBF41D7CF2ED}"
EndProject
Project("{FAE04EC0-301F-11D3-BF4B-00C04F79EFBC}") = "Controller", "Controller\Controller.csproj", "{80553604-863B-4D9B-8CE9-67AA2DD24BE4}"
EndProject
Global
	GlobalSection(SolutionConfigurationPlatforms) = preSolution
		Debug|Any CPU = Debug|Any CPU
		Release|Any CPU = Release|Any CPU
	EndGlobalSection
	GlobalSection(ProjectConfigurationPlatforms) = postSolution
		{97608157-BA7A-4E23-8589-9E2E45886452}.Debug|Any CPU.ActiveCfg = Debug|Any CPU
		{97608157-BA7A-4E23-8589-9E2E45886452}.Debug|Any CPU.Build.0 = Debug|Any CPU
		{97608157-BA7A-4E23-8589-9E2E45886452}.Release|Any CPU.ActiveCfg = Release|Any CPU
		{97608157-BA7A-4E23-8589-9E2E45886452}.Release|Any CPU.Build.0 = Release|Any CPU
		{271F77EE-2E5F-4311-849D-FBF41D7CF2ED}.Debug|Any CPU.ActiveCfg = Debug|Any CPU
		{271F77EE-2E5F-4311-849D-FBF41D7CF2ED}.Debug|Any CPU.Build.0 = Debug|Any CPU
		{271F77EE-2E5F-4311-849D-FBF41D7CF2ED}.Release|Any CPU.ActiveCfg = Release|Any CPU
		{271F77EE-2E5F-4311-849D-FBF41D7CF2ED}.Release|Any CPU.Build.0 = Release|Any CPU
		{80553604-863B-4D9B-8CE9-67AA2DD24BE4}.Debug|Any CPU.ActiveCfg = Debug|Any CPU
		{80553604-863B-4D9B-8CE9-67AA2DD24BE4}.Debug|Any CPU.Build.0 = Debug|Any CPU
		{80553604-863B-4D9B-8CE9-67AA2DD24BE4}.Release|Any CPU.ActiveCfg = Release|Any CPU
		{80553604-863B-4D9B-8CE9-67AA2DD24BE4}.Release|Any CPU.Build.0 = Release|Any CPU
	EndGlobalSection
	GlobalSection(SolutionProperties) = preSolution
		HideSolutionNode = FALSE
	EndGlobalSection
	GlobalSection(ExtensibilityGlobals) = postSolution
		SolutionGuid = {31DEA1FE-2933-47BF-AEA6-27F42095779A}
	EndGlobalSection
EndGlobal
