
Microsoft Visual Studio Solution File, Format Version 12.00
# Visual Studio Version 16
VisualStudioVersion = 16.0.31729.503
MinimumVisualStudioVersion = 10.0.40219.1
Project("{FAE04EC0-301F-11D3-BF4B-00C04F79EFBC}") = "AdivinarNumeroWF", "AdivinarNumeroWF\AdivinarNumeroWF.csproj", "{8E6FDB0B-87DD-460C-A211-03501079D572}"
EndProject
Global
	GlobalSection(SolutionConfigurationPlatforms) = preSolution
		Debug|Any CPU = Debug|Any CPU
		Release|Any CPU = Release|Any CPU
	EndGlobalSection
	GlobalSection(ProjectConfigurationPlatforms) = postSolution
		{8E6FDB0B-87DD-460C-A211-03501079D572}.Debug|Any CPU.ActiveCfg = Debug|Any CPU
		{8E6FDB0B-87DD-460C-A211-03501079D572}.Debug|Any CPU.Build.0 = Debug|Any CPU
		{8E6FDB0B-87DD-460C-A211-03501079D572}.Release|Any CPU.ActiveCfg = Release|Any CPU
		{8E6FDB0B-87DD-460C-A211-03501079D572}.Release|Any CPU.Build.0 = Release|Any CPU
	EndGlobalSection
	GlobalSection(SolutionProperties) = preSolution
		HideSolutionNode = FALSE
	EndGlobalSection
	GlobalSection(ExtensibilityGlobals) = postSolution
		SolutionGuid = {937ABEA3-BA07-47F2-9123-22AEFF8FAD9C}
	EndGlobalSection
EndGlobal
