
Microsoft Visual Studio Solution File, Format Version 12.00
# Visual Studio Version 16
VisualStudioVersion = 16.0.31729.503
MinimumVisualStudioVersion = 10.0.40219.1
Project("{FAE04EC0-301F-11D3-BF4B-00C04F79EFBC}") = "ctlProductDetailLib", "ctlProductDetailLib\ctlProductDetailLib.csproj", "{9CD6D708-E4FC-4BDE-9B8E-6CCEE266135B}"
EndProject
Global
	GlobalSection(SolutionConfigurationPlatforms) = preSolution
		Debug|Any CPU = Debug|Any CPU
		Release|Any CPU = Release|Any CPU
	EndGlobalSection
	GlobalSection(ProjectConfigurationPlatforms) = postSolution
		{9CD6D708-E4FC-4BDE-9B8E-6CCEE266135B}.Debug|Any CPU.ActiveCfg = Debug|Any CPU
		{9CD6D708-E4FC-4BDE-9B8E-6CCEE266135B}.Debug|Any CPU.Build.0 = Debug|Any CPU
		{9CD6D708-E4FC-4BDE-9B8E-6CCEE266135B}.Release|Any CPU.ActiveCfg = Release|Any CPU
		{9CD6D708-E4FC-4BDE-9B8E-6CCEE266135B}.Release|Any CPU.Build.0 = Release|Any CPU
	EndGlobalSection
	GlobalSection(SolutionProperties) = preSolution
		HideSolutionNode = FALSE
	EndGlobalSection
	GlobalSection(ExtensibilityGlobals) = postSolution
		SolutionGuid = {CEFF03B4-ADBF-4847-9180-33A4C4FABB3A}
	EndGlobalSection
EndGlobal
