
Microsoft Visual Studio Solution File, Format Version 12.00
# Visual Studio Version 16
VisualStudioVersion = 16.0.31729.503
MinimumVisualStudioVersion = 10.0.40219.1
Project("{FAE04EC0-301F-11D3-BF4B-00C04F79EFBC}") = "AEUT2_03_Calculadora", "AEUT2_03_Calculadora\AEUT2_03_Calculadora.csproj", "{9BD455D0-9420-4987-9B95-0CE895AAF2B6}"
EndProject
Global
	GlobalSection(SolutionConfigurationPlatforms) = preSolution
		Debug|Any CPU = Debug|Any CPU
		Release|Any CPU = Release|Any CPU
	EndGlobalSection
	GlobalSection(ProjectConfigurationPlatforms) = postSolution
		{9BD455D0-9420-4987-9B95-0CE895AAF2B6}.Debug|Any CPU.ActiveCfg = Debug|Any CPU
		{9BD455D0-9420-4987-9B95-0CE895AAF2B6}.Debug|Any CPU.Build.0 = Debug|Any CPU
		{9BD455D0-9420-4987-9B95-0CE895AAF2B6}.Release|Any CPU.ActiveCfg = Release|Any CPU
		{9BD455D0-9420-4987-9B95-0CE895AAF2B6}.Release|Any CPU.Build.0 = Release|Any CPU
	EndGlobalSection
	GlobalSection(SolutionProperties) = preSolution
		HideSolutionNode = FALSE
	EndGlobalSection
	GlobalSection(ExtensibilityGlobals) = postSolution
		SolutionGuid = {69738357-497B-42BA-907E-35D60C012671}
	EndGlobalSection
EndGlobal
